
Microsoft Visual Studio Solution File, Format Version 12.00
# Visual Studio Version 16
VisualStudioVersion = 16.0.30114.105
MinimumVisualStudioVersion = 10.0.40219.1
Project("{FAE04EC0-301F-11D3-BF4B-00C04F79EFBC}") = "DayOfWeek", "DayOfWeek\DayOfWeek.csproj", "{DC9912E8-96A2-40D3-A1C2-51673E9B4386}"
EndProject
Project("{FAE04EC0-301F-11D3-BF4B-00C04F79EFBC}") = "OnOffDay", "OnOffDay\OnOffDay.csproj", "{11F68884-B6A7-4700-875D-566E53853453}"
EndProject
Project("{FAE04EC0-301F-11D3-BF4B-00C04F79EFBC}") = "AnimalClass", "AnimalClass\AnimalClass.csproj", "{EDC80A09-AA1B-47BE-A888-7EAF1138E5DA}"
EndProject
Project("{FAE04EC0-301F-11D3-BF4B-00C04F79EFBC}") = "Title", "Title\Title.csproj", "{E3239B4F-6B2F-472C-A567-18EB17E0FDA6}"
EndProject
Project("{FAE04EC0-301F-11D3-BF4B-00C04F79EFBC}") = "SmallShop", "SmallShop\SmallShop.csproj", "{A59F8CF6-811A-410C-9ED2-3E7340EE6DEA}"
EndProject
Project("{FAE04EC0-301F-11D3-BF4B-00C04F79EFBC}") = "NumberInRange", "NumberInRange\NumberInRange.csproj", "{23B803CD-1E9F-4445-AD03-74439FD23A9D}"
EndProject
Project("{FAE04EC0-301F-11D3-BF4B-00C04F79EFBC}") = "WorkingTime", "WorkingTime\WorkingTime.csproj", "{08E46655-E4D4-4601-903A-3EC6E9FDA66D}"
EndProject
Project("{FAE04EC0-301F-11D3-BF4B-00C04F79EFBC}") = "CinemaTicket", "CinemaTicket\CinemaTicket.csproj", "{25FF351E-2CD7-4F4D-9A7E-C1C5A80243B2}"
EndProject
Project("{FAE04EC0-301F-11D3-BF4B-00C04F79EFBC}") = "FruitVegetable", "FruitVegetable\FruitVegetable.csproj", "{62883B1A-751D-467E-8453-2C6C51412A7B}"
EndProject
Project("{FAE04EC0-301F-11D3-BF4B-00C04F79EFBC}") = "ValidNumber", "ValidNumber\ValidNumber.csproj", "{344BCAFD-3E9F-4FEA-91BA-C5CC9007207C}"
EndProject
Project("{FAE04EC0-301F-11D3-BF4B-00C04F79EFBC}") = "FruitStore", "FruitStore\FruitStore.csproj", "{6EB9A76E-0065-41E5-93C9-B7E3268A3D89}"
EndProject
Project("{FAE04EC0-301F-11D3-BF4B-00C04F79EFBC}") = "TradeCommission", "TradeCommission\TradeCommission.csproj", "{C4EB8F99-7D7C-4678-AB79-884BA8292C34}"
EndProject
Project("{FAE04EC0-301F-11D3-BF4B-00C04F79EFBC}") = "SkiiVacation", "SkiiVacation\SkiiVacation.csproj", "{869458F5-2684-4BF9-882A-AEB8D272526A}"
EndProject
Project("{FAE04EC0-301F-11D3-BF4B-00C04F79EFBC}") = "Cinema", "Cinema\Cinema.csproj", "{4C9B20A8-AE4C-42CF-A340-DE6B6F04932E}"
EndProject
Project("{FAE04EC0-301F-11D3-BF4B-00C04F79EFBC}") = "SummerOutfit", "SummerOutfit\SummerOutfit.csproj", "{4C2F17BD-B7B5-4C32-A250-E13D70773D0C}"
EndProject
Project("{FAE04EC0-301F-11D3-BF4B-00C04F79EFBC}") = "NewHouse", "NewHouse\NewHouse.csproj", "{31205A4E-7D95-4A93-8442-3A5158FB17DD}"
EndProject
Project("{FAE04EC0-301F-11D3-BF4B-00C04F79EFBC}") = "FishingBoat", "FishingBoat\FishingBoat.csproj", "{92F20A2D-01D2-4275-9BFB-C2354ABECA58}"
EndProject
Project("{FAE04EC0-301F-11D3-BF4B-00C04F79EFBC}") = "Jorney", "Jorney\Jorney.csproj", "{C4671601-5C98-4693-A5D0-E83CE2D5696C}"
EndProject
Project("{FAE04EC0-301F-11D3-BF4B-00C04F79EFBC}") = "OperationNumbers", "OperationNumbers\OperationNumbers.csproj", "{85BB6747-66B8-462D-A0EE-A99DD2C23FD7}"
EndProject
Project("{FAE04EC0-301F-11D3-BF4B-00C04F79EFBC}") = "HotelRoom", "HotelRoom\HotelRoom.csproj", "{A013007B-1242-4615-9377-220776B9E887}"
EndProject
Project("{FAE04EC0-301F-11D3-BF4B-00C04F79EFBC}") = "Exam", "Exam\Exam.csproj", "{48D84AFE-E4DC-41B4-BAE7-1C51D83ABCA7}"
EndProject
Project("{FAE04EC0-301F-11D3-BF4B-00C04F79EFBC}") = "VolleyBall", "VolleyBall\VolleyBall.csproj", "{AB3810F6-8DAC-4A2F-B0AD-543830FB3120}"
EndProject
Global
	GlobalSection(SolutionConfigurationPlatforms) = preSolution
		Debug|Any CPU = Debug|Any CPU
		Release|Any CPU = Release|Any CPU
	EndGlobalSection
	GlobalSection(ProjectConfigurationPlatforms) = postSolution
		{DC9912E8-96A2-40D3-A1C2-51673E9B4386}.Debug|Any CPU.ActiveCfg = Debug|Any CPU
		{DC9912E8-96A2-40D3-A1C2-51673E9B4386}.Debug|Any CPU.Build.0 = Debug|Any CPU
		{DC9912E8-96A2-40D3-A1C2-51673E9B4386}.Release|Any CPU.ActiveCfg = Release|Any CPU
		{DC9912E8-96A2-40D3-A1C2-51673E9B4386}.Release|Any CPU.Build.0 = Release|Any CPU
		{11F68884-B6A7-4700-875D-566E53853453}.Debug|Any CPU.ActiveCfg = Debug|Any CPU
		{11F68884-B6A7-4700-875D-566E53853453}.Debug|Any CPU.Build.0 = Debug|Any CPU
		{11F68884-B6A7-4700-875D-566E53853453}.Release|Any CPU.ActiveCfg = Release|Any CPU
		{11F68884-B6A7-4700-875D-566E53853453}.Release|Any CPU.Build.0 = Release|Any CPU
		{EDC80A09-AA1B-47BE-A888-7EAF1138E5DA}.Debug|Any CPU.ActiveCfg = Debug|Any CPU
		{EDC80A09-AA1B-47BE-A888-7EAF1138E5DA}.Debug|Any CPU.Build.0 = Debug|Any CPU
		{EDC80A09-AA1B-47BE-A888-7EAF1138E5DA}.Release|Any CPU.ActiveCfg = Release|Any CPU
		{EDC80A09-AA1B-47BE-A888-7EAF1138E5DA}.Release|Any CPU.Build.0 = Release|Any CPU
		{E3239B4F-6B2F-472C-A567-18EB17E0FDA6}.Debug|Any CPU.ActiveCfg = Debug|Any CPU
		{E3239B4F-6B2F-472C-A567-18EB17E0FDA6}.Debug|Any CPU.Build.0 = Debug|Any CPU
		{E3239B4F-6B2F-472C-A567-18EB17E0FDA6}.Release|Any CPU.ActiveCfg = Release|Any CPU
		{E3239B4F-6B2F-472C-A567-18EB17E0FDA6}.Release|Any CPU.Build.0 = Release|Any CPU
		{A59F8CF6-811A-410C-9ED2-3E7340EE6DEA}.Debug|Any CPU.ActiveCfg = Debug|Any CPU
		{A59F8CF6-811A-410C-9ED2-3E7340EE6DEA}.Debug|Any CPU.Build.0 = Debug|Any CPU
		{A59F8CF6-811A-410C-9ED2-3E7340EE6DEA}.Release|Any CPU.ActiveCfg = Release|Any CPU
		{A59F8CF6-811A-410C-9ED2-3E7340EE6DEA}.Release|Any CPU.Build.0 = Release|Any CPU
		{23B803CD-1E9F-4445-AD03-74439FD23A9D}.Debug|Any CPU.ActiveCfg = Debug|Any CPU
		{23B803CD-1E9F-4445-AD03-74439FD23A9D}.Debug|Any CPU.Build.0 = Debug|Any CPU
		{23B803CD-1E9F-4445-AD03-74439FD23A9D}.Release|Any CPU.ActiveCfg = Release|Any CPU
		{23B803CD-1E9F-4445-AD03-74439FD23A9D}.Release|Any CPU.Build.0 = Release|Any CPU
		{08E46655-E4D4-4601-903A-3EC6E9FDA66D}.Debug|Any CPU.ActiveCfg = Debug|Any CPU
		{08E46655-E4D4-4601-903A-3EC6E9FDA66D}.Debug|Any CPU.Build.0 = Debug|Any CPU
		{08E46655-E4D4-4601-903A-3EC6E9FDA66D}.Release|Any CPU.ActiveCfg = Release|Any CPU
		{08E46655-E4D4-4601-903A-3EC6E9FDA66D}.Release|Any CPU.Build.0 = Release|Any CPU
		{25FF351E-2CD7-4F4D-9A7E-C1C5A80243B2}.Debug|Any CPU.ActiveCfg = Debug|Any CPU
		{25FF351E-2CD7-4F4D-9A7E-C1C5A80243B2}.Debug|Any CPU.Build.0 = Debug|Any CPU
		{25FF351E-2CD7-4F4D-9A7E-C1C5A80243B2}.Release|Any CPU.ActiveCfg = Release|Any CPU
		{25FF351E-2CD7-4F4D-9A7E-C1C5A80243B2}.Release|Any CPU.Build.0 = Release|Any CPU
		{62883B1A-751D-467E-8453-2C6C51412A7B}.Debug|Any CPU.ActiveCfg = Debug|Any CPU
		{62883B1A-751D-467E-8453-2C6C51412A7B}.Debug|Any CPU.Build.0 = Debug|Any CPU
		{62883B1A-751D-467E-8453-2C6C51412A7B}.Release|Any CPU.ActiveCfg = Release|Any CPU
		{62883B1A-751D-467E-8453-2C6C51412A7B}.Release|Any CPU.Build.0 = Release|Any CPU
		{344BCAFD-3E9F-4FEA-91BA-C5CC9007207C}.Debug|Any CPU.ActiveCfg = Debug|Any CPU
		{344BCAFD-3E9F-4FEA-91BA-C5CC9007207C}.Debug|Any CPU.Build.0 = Debug|Any CPU
		{344BCAFD-3E9F-4FEA-91BA-C5CC9007207C}.Release|Any CPU.ActiveCfg = Release|Any CPU
		{344BCAFD-3E9F-4FEA-91BA-C5CC9007207C}.Release|Any CPU.Build.0 = Release|Any CPU
		{6EB9A76E-0065-41E5-93C9-B7E3268A3D89}.Debug|Any CPU.ActiveCfg = Debug|Any CPU
		{6EB9A76E-0065-41E5-93C9-B7E3268A3D89}.Debug|Any CPU.Build.0 = Debug|Any CPU
		{6EB9A76E-0065-41E5-93C9-B7E3268A3D89}.Release|Any CPU.ActiveCfg = Release|Any CPU
		{6EB9A76E-0065-41E5-93C9-B7E3268A3D89}.Release|Any CPU.Build.0 = Release|Any CPU
		{C4EB8F99-7D7C-4678-AB79-884BA8292C34}.Debug|Any CPU.ActiveCfg = Debug|Any CPU
		{C4EB8F99-7D7C-4678-AB79-884BA8292C34}.Debug|Any CPU.Build.0 = Debug|Any CPU
		{C4EB8F99-7D7C-4678-AB79-884BA8292C34}.Release|Any CPU.ActiveCfg = Release|Any CPU
		{C4EB8F99-7D7C-4678-AB79-884BA8292C34}.Release|Any CPU.Build.0 = Release|Any CPU
		{869458F5-2684-4BF9-882A-AEB8D272526A}.Debug|Any CPU.ActiveCfg = Debug|Any CPU
		{869458F5-2684-4BF9-882A-AEB8D272526A}.Debug|Any CPU.Build.0 = Debug|Any CPU
		{869458F5-2684-4BF9-882A-AEB8D272526A}.Release|Any CPU.ActiveCfg = Release|Any CPU
		{869458F5-2684-4BF9-882A-AEB8D272526A}.Release|Any CPU.Build.0 = Release|Any CPU
		{4C9B20A8-AE4C-42CF-A340-DE6B6F04932E}.Debug|Any CPU.ActiveCfg = Debug|Any CPU
		{4C9B20A8-AE4C-42CF-A340-DE6B6F04932E}.Debug|Any CPU.Build.0 = Debug|Any CPU
		{4C9B20A8-AE4C-42CF-A340-DE6B6F04932E}.Release|Any CPU.ActiveCfg = Release|Any CPU
		{4C9B20A8-AE4C-42CF-A340-DE6B6F04932E}.Release|Any CPU.Build.0 = Release|Any CPU
		{4C2F17BD-B7B5-4C32-A250-E13D70773D0C}.Debug|Any CPU.ActiveCfg = Debug|Any CPU
		{4C2F17BD-B7B5-4C32-A250-E13D70773D0C}.Debug|Any CPU.Build.0 = Debug|Any CPU
		{4C2F17BD-B7B5-4C32-A250-E13D70773D0C}.Release|Any CPU.ActiveCfg = Release|Any CPU
		{4C2F17BD-B7B5-4C32-A250-E13D70773D0C}.Release|Any CPU.Build.0 = Release|Any CPU
		{31205A4E-7D95-4A93-8442-3A5158FB17DD}.Debug|Any CPU.ActiveCfg = Debug|Any CPU
		{31205A4E-7D95-4A93-8442-3A5158FB17DD}.Debug|Any CPU.Build.0 = Debug|Any CPU
		{31205A4E-7D95-4A93-8442-3A5158FB17DD}.Release|Any CPU.ActiveCfg = Release|Any CPU
		{31205A4E-7D95-4A93-8442-3A5158FB17DD}.Release|Any CPU.Build.0 = Release|Any CPU
		{92F20A2D-01D2-4275-9BFB-C2354ABECA58}.Debug|Any CPU.ActiveCfg = Debug|Any CPU
		{92F20A2D-01D2-4275-9BFB-C2354ABECA58}.Debug|Any CPU.Build.0 = Debug|Any CPU
		{92F20A2D-01D2-4275-9BFB-C2354ABECA58}.Release|Any CPU.ActiveCfg = Release|Any CPU
		{92F20A2D-01D2-4275-9BFB-C2354ABECA58}.Release|Any CPU.Build.0 = Release|Any CPU
		{C4671601-5C98-4693-A5D0-E83CE2D5696C}.Debug|Any CPU.ActiveCfg = Debug|Any CPU
		{C4671601-5C98-4693-A5D0-E83CE2D5696C}.Debug|Any CPU.Build.0 = Debug|Any CPU
		{C4671601-5C98-4693-A5D0-E83CE2D5696C}.Release|Any CPU.ActiveCfg = Release|Any CPU
		{C4671601-5C98-4693-A5D0-E83CE2D5696C}.Release|Any CPU.Build.0 = Release|Any CPU
		{85BB6747-66B8-462D-A0EE-A99DD2C23FD7}.Debug|Any CPU.ActiveCfg = Debug|Any CPU
		{85BB6747-66B8-462D-A0EE-A99DD2C23FD7}.Debug|Any CPU.Build.0 = Debug|Any CPU
		{85BB6747-66B8-462D-A0EE-A99DD2C23FD7}.Release|Any CPU.ActiveCfg = Release|Any CPU
		{85BB6747-66B8-462D-A0EE-A99DD2C23FD7}.Release|Any CPU.Build.0 = Release|Any CPU
		{A013007B-1242-4615-9377-220776B9E887}.Debug|Any CPU.ActiveCfg = Debug|Any CPU
		{A013007B-1242-4615-9377-220776B9E887}.Debug|Any CPU.Build.0 = Debug|Any CPU
		{A013007B-1242-4615-9377-220776B9E887}.Release|Any CPU.ActiveCfg = Release|Any CPU
		{A013007B-1242-4615-9377-220776B9E887}.Release|Any CPU.Build.0 = Release|Any CPU
		{48D84AFE-E4DC-41B4-BAE7-1C51D83ABCA7}.Debug|Any CPU.ActiveCfg = Debug|Any CPU
		{48D84AFE-E4DC-41B4-BAE7-1C51D83ABCA7}.Debug|Any CPU.Build.0 = Debug|Any CPU
		{48D84AFE-E4DC-41B4-BAE7-1C51D83ABCA7}.Release|Any CPU.ActiveCfg = Release|Any CPU
		{48D84AFE-E4DC-41B4-BAE7-1C51D83ABCA7}.Release|Any CPU.Build.0 = Release|Any CPU
		{AB3810F6-8DAC-4A2F-B0AD-543830FB3120}.Debug|Any CPU.ActiveCfg = Debug|Any CPU
		{AB3810F6-8DAC-4A2F-B0AD-543830FB3120}.Debug|Any CPU.Build.0 = Debug|Any CPU
		{AB3810F6-8DAC-4A2F-B0AD-543830FB3120}.Release|Any CPU.ActiveCfg = Release|Any CPU
		{AB3810F6-8DAC-4A2F-B0AD-543830FB3120}.Release|Any CPU.Build.0 = Release|Any CPU
	EndGlobalSection
	GlobalSection(SolutionProperties) = preSolution
		HideSolutionNode = FALSE
	EndGlobalSection
	GlobalSection(ExtensibilityGlobals) = postSolution
		SolutionGuid = {1B3C95C6-A766-4E39-B80B-57C136D04845}
	EndGlobalSection
EndGlobal
