
Microsoft Visual Studio Solution File, Format Version 12.00
# Visual Studio Version 16
VisualStudioVersion = 16.0.30114.105
MinimumVisualStudioVersion = 10.0.40219.1
Project("{9A19103F-16F7-4668-BE54-9A1E7A4F7556}") = "Easter Lunch", "Easter Lunch\Easter Lunch.csproj", "{BE9A78E4-07CC-417F-8C46-B2B0CA26FA2C}"
EndProject
Project("{FAE04EC0-301F-11D3-BF4B-00C04F79EFBC}") = "Easter Competition", "Easter Competition\Easter Competition.csproj", "{024FA329-4EDC-4AD1-A1BF-35199FC08EDC}"
EndProject
Project("{FAE04EC0-301F-11D3-BF4B-00C04F79EFBC}") = "Easter Decoration", "Easter Decoration\Easter Decoration.csproj", "{566EDB66-BDF9-4C2A-BAD5-C08BCEF44E85}"
EndProject
Project("{FAE04EC0-301F-11D3-BF4B-00C04F79EFBC}") = "Easter Bake", "Easter Bake\Easter Bake.csproj", "{0F16F5AC-2FB0-4E38-BC4B-4E0C899DEA3D}"
EndProject
Project("{FAE04EC0-301F-11D3-BF4B-00C04F79EFBC}") = "Easter Eggs", "Easter Eggs\Easter Eggs.csproj", "{326BD7BA-48DA-4DC4-92D5-9162B786759B}"
EndProject
Project("{FAE04EC0-301F-11D3-BF4B-00C04F79EFBC}") = "Easter Shop", "Easter Shop\Easter Shop.csproj", "{A41FCD37-2C02-45BF-98D4-AFDB7428B887}"
EndProject
Project("{FAE04EC0-301F-11D3-BF4B-00C04F79EFBC}") = "Easter Eggs Battle", "Easter Eggs Battle\Easter Eggs Battle.csproj", "{9951C076-0BD9-4414-8B6F-5631CCFB7956}"
EndProject
Project("{FAE04EC0-301F-11D3-BF4B-00C04F79EFBC}") = "Painting Eggs", "Painting Eggs\Painting Eggs.csproj", "{633C268C-D37E-475E-8005-AF5763CE02E8}"
EndProject
Project("{FAE04EC0-301F-11D3-BF4B-00C04F79EFBC}") = "Easter Trip", "Easter Trip\Easter Trip.csproj", "{5D9AAD3F-343D-49A6-9829-4A4684FC944F}"
EndProject
Project("{FAE04EC0-301F-11D3-BF4B-00C04F79EFBC}") = "Easter Guests", "Easter Guests\Easter Guests.csproj", "{857C9EA5-94B2-4B5F-B613-079B8388C663}"
EndProject
Project("{FAE04EC0-301F-11D3-BF4B-00C04F79EFBC}") = "Easter Party", "Easter Party\Easter Party.csproj", "{1BF3E2CD-6798-43F6-BBF0-B60407C36794}"
EndProject
Project("{FAE04EC0-301F-11D3-BF4B-00C04F79EFBC}") = "Easter Bakery", "Easter Bakery\Easter Bakery.csproj", "{58EC4994-E6F3-4F5A-89BD-BE431982E852}"
EndProject
Global
	GlobalSection(SolutionConfigurationPlatforms) = preSolution
		Debug|Any CPU = Debug|Any CPU
		Release|Any CPU = Release|Any CPU
	EndGlobalSection
	GlobalSection(ProjectConfigurationPlatforms) = postSolution
		{BE9A78E4-07CC-417F-8C46-B2B0CA26FA2C}.Debug|Any CPU.ActiveCfg = Debug|Any CPU
		{BE9A78E4-07CC-417F-8C46-B2B0CA26FA2C}.Debug|Any CPU.Build.0 = Debug|Any CPU
		{BE9A78E4-07CC-417F-8C46-B2B0CA26FA2C}.Release|Any CPU.ActiveCfg = Release|Any CPU
		{BE9A78E4-07CC-417F-8C46-B2B0CA26FA2C}.Release|Any CPU.Build.0 = Release|Any CPU
		{024FA329-4EDC-4AD1-A1BF-35199FC08EDC}.Debug|Any CPU.ActiveCfg = Debug|Any CPU
		{024FA329-4EDC-4AD1-A1BF-35199FC08EDC}.Debug|Any CPU.Build.0 = Debug|Any CPU
		{024FA329-4EDC-4AD1-A1BF-35199FC08EDC}.Release|Any CPU.ActiveCfg = Release|Any CPU
		{024FA329-4EDC-4AD1-A1BF-35199FC08EDC}.Release|Any CPU.Build.0 = Release|Any CPU
		{566EDB66-BDF9-4C2A-BAD5-C08BCEF44E85}.Debug|Any CPU.ActiveCfg = Debug|Any CPU
		{566EDB66-BDF9-4C2A-BAD5-C08BCEF44E85}.Debug|Any CPU.Build.0 = Debug|Any CPU
		{566EDB66-BDF9-4C2A-BAD5-C08BCEF44E85}.Release|Any CPU.ActiveCfg = Release|Any CPU
		{566EDB66-BDF9-4C2A-BAD5-C08BCEF44E85}.Release|Any CPU.Build.0 = Release|Any CPU
		{0F16F5AC-2FB0-4E38-BC4B-4E0C899DEA3D}.Debug|Any CPU.ActiveCfg = Debug|Any CPU
		{0F16F5AC-2FB0-4E38-BC4B-4E0C899DEA3D}.Debug|Any CPU.Build.0 = Debug|Any CPU
		{0F16F5AC-2FB0-4E38-BC4B-4E0C899DEA3D}.Release|Any CPU.ActiveCfg = Release|Any CPU
		{0F16F5AC-2FB0-4E38-BC4B-4E0C899DEA3D}.Release|Any CPU.Build.0 = Release|Any CPU
		{326BD7BA-48DA-4DC4-92D5-9162B786759B}.Debug|Any CPU.ActiveCfg = Debug|Any CPU
		{326BD7BA-48DA-4DC4-92D5-9162B786759B}.Debug|Any CPU.Build.0 = Debug|Any CPU
		{326BD7BA-48DA-4DC4-92D5-9162B786759B}.Release|Any CPU.ActiveCfg = Release|Any CPU
		{326BD7BA-48DA-4DC4-92D5-9162B786759B}.Release|Any CPU.Build.0 = Release|Any CPU
		{A41FCD37-2C02-45BF-98D4-AFDB7428B887}.Debug|Any CPU.ActiveCfg = Debug|Any CPU
		{A41FCD37-2C02-45BF-98D4-AFDB7428B887}.Debug|Any CPU.Build.0 = Debug|Any CPU
		{A41FCD37-2C02-45BF-98D4-AFDB7428B887}.Release|Any CPU.ActiveCfg = Release|Any CPU
		{A41FCD37-2C02-45BF-98D4-AFDB7428B887}.Release|Any CPU.Build.0 = Release|Any CPU
		{9951C076-0BD9-4414-8B6F-5631CCFB7956}.Debug|Any CPU.ActiveCfg = Debug|Any CPU
		{9951C076-0BD9-4414-8B6F-5631CCFB7956}.Debug|Any CPU.Build.0 = Debug|Any CPU
		{9951C076-0BD9-4414-8B6F-5631CCFB7956}.Release|Any CPU.ActiveCfg = Release|Any CPU
		{9951C076-0BD9-4414-8B6F-5631CCFB7956}.Release|Any CPU.Build.0 = Release|Any CPU
		{633C268C-D37E-475E-8005-AF5763CE02E8}.Debug|Any CPU.ActiveCfg = Debug|Any CPU
		{633C268C-D37E-475E-8005-AF5763CE02E8}.Debug|Any CPU.Build.0 = Debug|Any CPU
		{633C268C-D37E-475E-8005-AF5763CE02E8}.Release|Any CPU.ActiveCfg = Release|Any CPU
		{633C268C-D37E-475E-8005-AF5763CE02E8}.Release|Any CPU.Build.0 = Release|Any CPU
		{5D9AAD3F-343D-49A6-9829-4A4684FC944F}.Debug|Any CPU.ActiveCfg = Debug|Any CPU
		{5D9AAD3F-343D-49A6-9829-4A4684FC944F}.Debug|Any CPU.Build.0 = Debug|Any CPU
		{5D9AAD3F-343D-49A6-9829-4A4684FC944F}.Release|Any CPU.ActiveCfg = Release|Any CPU
		{5D9AAD3F-343D-49A6-9829-4A4684FC944F}.Release|Any CPU.Build.0 = Release|Any CPU
		{857C9EA5-94B2-4B5F-B613-079B8388C663}.Debug|Any CPU.ActiveCfg = Debug|Any CPU
		{857C9EA5-94B2-4B5F-B613-079B8388C663}.Debug|Any CPU.Build.0 = Debug|Any CPU
		{857C9EA5-94B2-4B5F-B613-079B8388C663}.Release|Any CPU.ActiveCfg = Release|Any CPU
		{857C9EA5-94B2-4B5F-B613-079B8388C663}.Release|Any CPU.Build.0 = Release|Any CPU
		{1BF3E2CD-6798-43F6-BBF0-B60407C36794}.Debug|Any CPU.ActiveCfg = Debug|Any CPU
		{1BF3E2CD-6798-43F6-BBF0-B60407C36794}.Debug|Any CPU.Build.0 = Debug|Any CPU
		{1BF3E2CD-6798-43F6-BBF0-B60407C36794}.Release|Any CPU.ActiveCfg = Release|Any CPU
		{1BF3E2CD-6798-43F6-BBF0-B60407C36794}.Release|Any CPU.Build.0 = Release|Any CPU
		{58EC4994-E6F3-4F5A-89BD-BE431982E852}.Debug|Any CPU.ActiveCfg = Debug|Any CPU
		{58EC4994-E6F3-4F5A-89BD-BE431982E852}.Debug|Any CPU.Build.0 = Debug|Any CPU
		{58EC4994-E6F3-4F5A-89BD-BE431982E852}.Release|Any CPU.ActiveCfg = Release|Any CPU
		{58EC4994-E6F3-4F5A-89BD-BE431982E852}.Release|Any CPU.Build.0 = Release|Any CPU
	EndGlobalSection
	GlobalSection(SolutionProperties) = preSolution
		HideSolutionNode = FALSE
	EndGlobalSection
	GlobalSection(ExtensibilityGlobals) = postSolution
		SolutionGuid = {520D4A62-9D81-4037-B544-2F568C81326E}
	EndGlobalSection
EndGlobal
