
Microsoft Visual Studio Solution File, Format Version 12.00
# Visual Studio Version 16
VisualStudioVersion = 16.0.30114.105
MinimumVisualStudioVersion = 10.0.40219.1
Project("{9A19103F-16F7-4668-BE54-9A1E7A4F7556}") = "SoftUni", "SoftUni.csproj", "{FCC68FF8-B8F8-48BF-BBD7-A7EC75855209}"
EndProject
Project("{9A19103F-16F7-4668-BE54-9A1E7A4F7556}") = "Nums1To10", "..\Nums1To10\Nums1To10.csproj", "{3DEC6BBC-7227-48DF-91C7-24FEA8C75C55}"
EndProject
Project("{9A19103F-16F7-4668-BE54-9A1E7A4F7556}") = "SquareArea", "..\SquareArea\SquareArea.csproj", "{73110A44-D4CE-46BD-83D3-AA9B7B61074A}"
EndProject
Project("{9A19103F-16F7-4668-BE54-9A1E7A4F7556}") = "InchToSm", "..\InchToSm\InchToSm.csproj", "{F5CAB97B-4A74-4396-AD21-DF68123DE611}"
EndProject
Project("{9A19103F-16F7-4668-BE54-9A1E7A4F7556}") = "Greeting", "..\Greeting\Greeting.csproj", "{46D85B4E-FAC3-412E-B0B5-644E9C6BC0B8}"
EndProject
Project("{9A19103F-16F7-4668-BE54-9A1E7A4F7556}") = "ConcatenateData", "..\ConcatenateData\ConcatenateData.csproj", "{88312AE6-C800-4397-8E0C-A7E9BBFA10AE}"
EndProject
Project("{9A19103F-16F7-4668-BE54-9A1E7A4F7556}") = "Projects", "..\Projects\Projects.csproj", "{F35E1CFF-2C78-4DB8-9883-B97AFCAAD556}"
EndProject
Project("{9A19103F-16F7-4668-BE54-9A1E7A4F7556}") = "PetShop", "..\PetShop\PetShop.csproj", "{2288D69A-235B-4D0C-B512-A0D0B00CC401}"
EndProject
Project("{9A19103F-16F7-4668-BE54-9A1E7A4F7556}") = "YardGreening", "..\YardGreening\YardGreening.csproj", "{D6A9BE8E-1581-479B-8B48-2CD42059A465}"
EndProject
Project("{9A19103F-16F7-4668-BE54-9A1E7A4F7556}") = "USDtoBGN", "..\USDtoBGN\USDtoBGN.csproj", "{E0CD062E-F517-4B15-9523-1545081513A7}"
EndProject
Project("{9A19103F-16F7-4668-BE54-9A1E7A4F7556}") = "RadtoDeg", "..\RadtoDeg\RadtoDeg.csproj", "{80106576-E084-4046-BE73-70DF32F42E97}"
EndProject
Project("{FAE04EC0-301F-11D3-BF4B-00C04F79EFBC}") = "DepositCalculator", "..\DepositCalculator\DepositCalculator.csproj", "{AE33784F-2259-4266-84A4-6967EAD23897}"
EndProject
Project("{FAE04EC0-301F-11D3-BF4B-00C04F79EFBC}") = "VacationBooksList", "..\VacationBooksList\VacationBooksList.csproj", "{6B5002AF-DB73-4123-B0EC-EF9715CB5BAF}"
EndProject
Project("{FAE04EC0-301F-11D3-BF4B-00C04F79EFBC}") = "BirthdayParty", "..\BirthdayParty\BirthdayParty.csproj", "{C7DDD90C-C1F5-4442-8086-DF0174A8584D}"
EndProject
Project("{FAE04EC0-301F-11D3-BF4B-00C04F79EFBC}") = "CharityCampaign", "..\CharityCampaign\CharityCampaign.csproj", "{B7CF67F1-99B6-452F-A7C0-5E5884A75B90}"
EndProject
Project("{FAE04EC0-301F-11D3-BF4B-00C04F79EFBC}") = "FruitMarket", "..\FruitMarket\FruitMarket.csproj", "{1EB5896F-84A1-42D3-BF81-0AB87E7DF3AF}"
EndProject
Project("{FAE04EC0-301F-11D3-BF4B-00C04F79EFBC}") = "FishTank", "..\FishTank\FishTank.csproj", "{925B4E49-86B1-44A7-8CC7-D880DBED2F47}"
EndProject
Global
	GlobalSection(SolutionConfigurationPlatforms) = preSolution
		Debug|Any CPU = Debug|Any CPU
		Release|Any CPU = Release|Any CPU
	EndGlobalSection
	GlobalSection(ProjectConfigurationPlatforms) = postSolution
		{FCC68FF8-B8F8-48BF-BBD7-A7EC75855209}.Debug|Any CPU.ActiveCfg = Debug|Any CPU
		{FCC68FF8-B8F8-48BF-BBD7-A7EC75855209}.Debug|Any CPU.Build.0 = Debug|Any CPU
		{FCC68FF8-B8F8-48BF-BBD7-A7EC75855209}.Release|Any CPU.ActiveCfg = Release|Any CPU
		{FCC68FF8-B8F8-48BF-BBD7-A7EC75855209}.Release|Any CPU.Build.0 = Release|Any CPU
		{3DEC6BBC-7227-48DF-91C7-24FEA8C75C55}.Debug|Any CPU.ActiveCfg = Debug|Any CPU
		{3DEC6BBC-7227-48DF-91C7-24FEA8C75C55}.Debug|Any CPU.Build.0 = Debug|Any CPU
		{3DEC6BBC-7227-48DF-91C7-24FEA8C75C55}.Release|Any CPU.ActiveCfg = Release|Any CPU
		{3DEC6BBC-7227-48DF-91C7-24FEA8C75C55}.Release|Any CPU.Build.0 = Release|Any CPU
		{73110A44-D4CE-46BD-83D3-AA9B7B61074A}.Debug|Any CPU.ActiveCfg = Debug|Any CPU
		{73110A44-D4CE-46BD-83D3-AA9B7B61074A}.Debug|Any CPU.Build.0 = Debug|Any CPU
		{73110A44-D4CE-46BD-83D3-AA9B7B61074A}.Release|Any CPU.ActiveCfg = Release|Any CPU
		{73110A44-D4CE-46BD-83D3-AA9B7B61074A}.Release|Any CPU.Build.0 = Release|Any CPU
		{F5CAB97B-4A74-4396-AD21-DF68123DE611}.Debug|Any CPU.ActiveCfg = Debug|Any CPU
		{F5CAB97B-4A74-4396-AD21-DF68123DE611}.Debug|Any CPU.Build.0 = Debug|Any CPU
		{F5CAB97B-4A74-4396-AD21-DF68123DE611}.Release|Any CPU.ActiveCfg = Release|Any CPU
		{F5CAB97B-4A74-4396-AD21-DF68123DE611}.Release|Any CPU.Build.0 = Release|Any CPU
		{46D85B4E-FAC3-412E-B0B5-644E9C6BC0B8}.Debug|Any CPU.ActiveCfg = Debug|Any CPU
		{46D85B4E-FAC3-412E-B0B5-644E9C6BC0B8}.Debug|Any CPU.Build.0 = Debug|Any CPU
		{46D85B4E-FAC3-412E-B0B5-644E9C6BC0B8}.Release|Any CPU.ActiveCfg = Release|Any CPU
		{46D85B4E-FAC3-412E-B0B5-644E9C6BC0B8}.Release|Any CPU.Build.0 = Release|Any CPU
		{88312AE6-C800-4397-8E0C-A7E9BBFA10AE}.Debug|Any CPU.ActiveCfg = Debug|Any CPU
		{88312AE6-C800-4397-8E0C-A7E9BBFA10AE}.Debug|Any CPU.Build.0 = Debug|Any CPU
		{88312AE6-C800-4397-8E0C-A7E9BBFA10AE}.Release|Any CPU.ActiveCfg = Release|Any CPU
		{88312AE6-C800-4397-8E0C-A7E9BBFA10AE}.Release|Any CPU.Build.0 = Release|Any CPU
		{F35E1CFF-2C78-4DB8-9883-B97AFCAAD556}.Debug|Any CPU.ActiveCfg = Debug|Any CPU
		{F35E1CFF-2C78-4DB8-9883-B97AFCAAD556}.Debug|Any CPU.Build.0 = Debug|Any CPU
		{F35E1CFF-2C78-4DB8-9883-B97AFCAAD556}.Release|Any CPU.ActiveCfg = Release|Any CPU
		{F35E1CFF-2C78-4DB8-9883-B97AFCAAD556}.Release|Any CPU.Build.0 = Release|Any CPU
		{2288D69A-235B-4D0C-B512-A0D0B00CC401}.Debug|Any CPU.ActiveCfg = Debug|Any CPU
		{2288D69A-235B-4D0C-B512-A0D0B00CC401}.Debug|Any CPU.Build.0 = Debug|Any CPU
		{2288D69A-235B-4D0C-B512-A0D0B00CC401}.Release|Any CPU.ActiveCfg = Release|Any CPU
		{2288D69A-235B-4D0C-B512-A0D0B00CC401}.Release|Any CPU.Build.0 = Release|Any CPU
		{D6A9BE8E-1581-479B-8B48-2CD42059A465}.Debug|Any CPU.ActiveCfg = Debug|Any CPU
		{D6A9BE8E-1581-479B-8B48-2CD42059A465}.Debug|Any CPU.Build.0 = Debug|Any CPU
		{D6A9BE8E-1581-479B-8B48-2CD42059A465}.Release|Any CPU.ActiveCfg = Release|Any CPU
		{D6A9BE8E-1581-479B-8B48-2CD42059A465}.Release|Any CPU.Build.0 = Release|Any CPU
		{E0CD062E-F517-4B15-9523-1545081513A7}.Debug|Any CPU.ActiveCfg = Debug|Any CPU
		{E0CD062E-F517-4B15-9523-1545081513A7}.Debug|Any CPU.Build.0 = Debug|Any CPU
		{E0CD062E-F517-4B15-9523-1545081513A7}.Release|Any CPU.ActiveCfg = Release|Any CPU
		{E0CD062E-F517-4B15-9523-1545081513A7}.Release|Any CPU.Build.0 = Release|Any CPU
		{80106576-E084-4046-BE73-70DF32F42E97}.Debug|Any CPU.ActiveCfg = Debug|Any CPU
		{80106576-E084-4046-BE73-70DF32F42E97}.Debug|Any CPU.Build.0 = Debug|Any CPU
		{80106576-E084-4046-BE73-70DF32F42E97}.Release|Any CPU.ActiveCfg = Release|Any CPU
		{80106576-E084-4046-BE73-70DF32F42E97}.Release|Any CPU.Build.0 = Release|Any CPU
		{AE33784F-2259-4266-84A4-6967EAD23897}.Debug|Any CPU.ActiveCfg = Debug|Any CPU
		{AE33784F-2259-4266-84A4-6967EAD23897}.Debug|Any CPU.Build.0 = Debug|Any CPU
		{AE33784F-2259-4266-84A4-6967EAD23897}.Release|Any CPU.ActiveCfg = Release|Any CPU
		{AE33784F-2259-4266-84A4-6967EAD23897}.Release|Any CPU.Build.0 = Release|Any CPU
		{6B5002AF-DB73-4123-B0EC-EF9715CB5BAF}.Debug|Any CPU.ActiveCfg = Debug|Any CPU
		{6B5002AF-DB73-4123-B0EC-EF9715CB5BAF}.Debug|Any CPU.Build.0 = Debug|Any CPU
		{6B5002AF-DB73-4123-B0EC-EF9715CB5BAF}.Release|Any CPU.ActiveCfg = Release|Any CPU
		{6B5002AF-DB73-4123-B0EC-EF9715CB5BAF}.Release|Any CPU.Build.0 = Release|Any CPU
		{C7DDD90C-C1F5-4442-8086-DF0174A8584D}.Debug|Any CPU.ActiveCfg = Debug|Any CPU
		{C7DDD90C-C1F5-4442-8086-DF0174A8584D}.Debug|Any CPU.Build.0 = Debug|Any CPU
		{C7DDD90C-C1F5-4442-8086-DF0174A8584D}.Release|Any CPU.ActiveCfg = Release|Any CPU
		{C7DDD90C-C1F5-4442-8086-DF0174A8584D}.Release|Any CPU.Build.0 = Release|Any CPU
		{B7CF67F1-99B6-452F-A7C0-5E5884A75B90}.Debug|Any CPU.ActiveCfg = Debug|Any CPU
		{B7CF67F1-99B6-452F-A7C0-5E5884A75B90}.Debug|Any CPU.Build.0 = Debug|Any CPU
		{B7CF67F1-99B6-452F-A7C0-5E5884A75B90}.Release|Any CPU.ActiveCfg = Release|Any CPU
		{B7CF67F1-99B6-452F-A7C0-5E5884A75B90}.Release|Any CPU.Build.0 = Release|Any CPU
		{1EB5896F-84A1-42D3-BF81-0AB87E7DF3AF}.Debug|Any CPU.ActiveCfg = Debug|Any CPU
		{1EB5896F-84A1-42D3-BF81-0AB87E7DF3AF}.Debug|Any CPU.Build.0 = Debug|Any CPU
		{1EB5896F-84A1-42D3-BF81-0AB87E7DF3AF}.Release|Any CPU.ActiveCfg = Release|Any CPU
		{1EB5896F-84A1-42D3-BF81-0AB87E7DF3AF}.Release|Any CPU.Build.0 = Release|Any CPU
		{925B4E49-86B1-44A7-8CC7-D880DBED2F47}.Debug|Any CPU.ActiveCfg = Debug|Any CPU
		{925B4E49-86B1-44A7-8CC7-D880DBED2F47}.Debug|Any CPU.Build.0 = Debug|Any CPU
		{925B4E49-86B1-44A7-8CC7-D880DBED2F47}.Release|Any CPU.ActiveCfg = Release|Any CPU
		{925B4E49-86B1-44A7-8CC7-D880DBED2F47}.Release|Any CPU.Build.0 = Release|Any CPU
	EndGlobalSection
	GlobalSection(SolutionProperties) = preSolution
		HideSolutionNode = FALSE
	EndGlobalSection
	GlobalSection(ExtensibilityGlobals) = postSolution
		SolutionGuid = {FD9422AD-D289-4F6A-ACAA-2E384C343A50}
	EndGlobalSection
EndGlobal
