
Microsoft Visual Studio Solution File, Format Version 12.00
# Visual Studio Version 16
VisualStudioVersion = 16.0.30114.105
MinimumVisualStudioVersion = 10.0.40219.1
Project("{FAE04EC0-301F-11D3-BF4B-00C04F79EFBC}") = "FoodDelivery", "FoodDelivery\FoodDelivery.csproj", "{C0CD9F4A-26F0-40AF-B336-5A93F9AB6A4D}"
EndProject
Project("{FAE04EC0-301F-11D3-BF4B-00C04F79EFBC}") = "Safari", "Safari\Safari.csproj", "{81B164D3-FAD7-47AB-A728-BFF201953FA7}"
EndProject
Project("{FAE04EC0-301F-11D3-BF4B-00C04F79EFBC}") = "MobileOperator", "MobileOperator\MobileOperator.csproj", "{C3FF2023-E850-47AF-A40D-55D9ADFAA47C}"
EndProject
Project("{FAE04EC0-301F-11D3-BF4B-00C04F79EFBC}") = "Tourist_Shop", "Tourist_Shop\Tourist_Shop.csproj", "{20234D92-F821-47F2-9B4E-92577141C9EE}"
EndProject
Project("{FAE04EC0-301F-11D3-BF4B-00C04F79EFBC}") = "Division_Without_Remainder", "Division_Without_Remainder\Division_Without_Remainder.csproj", "{174155D6-C935-482A-865C-B798EC936324}"
EndProject
Project("{FAE04EC0-301F-11D3-BF4B-00C04F79EFBC}") = "Vet_Parking", "Vet_Parking\Vet_Parking.csproj", "{8FD6295E-AEFD-4426-BBE4-7C2F653937F3}"
EndProject
Global
	GlobalSection(SolutionConfigurationPlatforms) = preSolution
		Debug|Any CPU = Debug|Any CPU
		Release|Any CPU = Release|Any CPU
	EndGlobalSection
	GlobalSection(ProjectConfigurationPlatforms) = postSolution
		{C0CD9F4A-26F0-40AF-B336-5A93F9AB6A4D}.Debug|Any CPU.ActiveCfg = Debug|Any CPU
		{C0CD9F4A-26F0-40AF-B336-5A93F9AB6A4D}.Debug|Any CPU.Build.0 = Debug|Any CPU
		{C0CD9F4A-26F0-40AF-B336-5A93F9AB6A4D}.Release|Any CPU.ActiveCfg = Release|Any CPU
		{C0CD9F4A-26F0-40AF-B336-5A93F9AB6A4D}.Release|Any CPU.Build.0 = Release|Any CPU
		{81B164D3-FAD7-47AB-A728-BFF201953FA7}.Debug|Any CPU.ActiveCfg = Debug|Any CPU
		{81B164D3-FAD7-47AB-A728-BFF201953FA7}.Debug|Any CPU.Build.0 = Debug|Any CPU
		{81B164D3-FAD7-47AB-A728-BFF201953FA7}.Release|Any CPU.ActiveCfg = Release|Any CPU
		{81B164D3-FAD7-47AB-A728-BFF201953FA7}.Release|Any CPU.Build.0 = Release|Any CPU
		{C3FF2023-E850-47AF-A40D-55D9ADFAA47C}.Debug|Any CPU.ActiveCfg = Debug|Any CPU
		{C3FF2023-E850-47AF-A40D-55D9ADFAA47C}.Debug|Any CPU.Build.0 = Debug|Any CPU
		{C3FF2023-E850-47AF-A40D-55D9ADFAA47C}.Release|Any CPU.ActiveCfg = Release|Any CPU
		{C3FF2023-E850-47AF-A40D-55D9ADFAA47C}.Release|Any CPU.Build.0 = Release|Any CPU
		{20234D92-F821-47F2-9B4E-92577141C9EE}.Debug|Any CPU.ActiveCfg = Debug|Any CPU
		{20234D92-F821-47F2-9B4E-92577141C9EE}.Debug|Any CPU.Build.0 = Debug|Any CPU
		{20234D92-F821-47F2-9B4E-92577141C9EE}.Release|Any CPU.ActiveCfg = Release|Any CPU
		{20234D92-F821-47F2-9B4E-92577141C9EE}.Release|Any CPU.Build.0 = Release|Any CPU
		{174155D6-C935-482A-865C-B798EC936324}.Debug|Any CPU.ActiveCfg = Debug|Any CPU
		{174155D6-C935-482A-865C-B798EC936324}.Debug|Any CPU.Build.0 = Debug|Any CPU
		{174155D6-C935-482A-865C-B798EC936324}.Release|Any CPU.ActiveCfg = Release|Any CPU
		{174155D6-C935-482A-865C-B798EC936324}.Release|Any CPU.Build.0 = Release|Any CPU
		{8FD6295E-AEFD-4426-BBE4-7C2F653937F3}.Debug|Any CPU.ActiveCfg = Debug|Any CPU
		{8FD6295E-AEFD-4426-BBE4-7C2F653937F3}.Debug|Any CPU.Build.0 = Debug|Any CPU
		{8FD6295E-AEFD-4426-BBE4-7C2F653937F3}.Release|Any CPU.ActiveCfg = Release|Any CPU
		{8FD6295E-AEFD-4426-BBE4-7C2F653937F3}.Release|Any CPU.Build.0 = Release|Any CPU
	EndGlobalSection
	GlobalSection(SolutionProperties) = preSolution
		HideSolutionNode = FALSE
	EndGlobalSection
	GlobalSection(ExtensibilityGlobals) = postSolution
		SolutionGuid = {12D6274B-180E-487A-B758-3BB78C778273}
	EndGlobalSection
EndGlobal
