
Microsoft Visual Studio Solution File, Format Version 12.00
# Visual Studio Version 16
VisualStudioVersion = 16.0.30114.105
MinimumVisualStudioVersion = 10.0.40219.1
Project("{9A19103F-16F7-4668-BE54-9A1E7A4F7556}") = "Clock", "Clock\Clock.csproj", "{672CFF11-B9DE-4E59-8F97-15E2A63CCDC9}"
EndProject
Project("{9A19103F-16F7-4668-BE54-9A1E7A4F7556}") = "MultiplyTable", "MultiplyTable\MultiplyTable.csproj", "{67C0E1FD-DEB7-4D9D-B9D7-A2F9195ADD43}"
EndProject
Project("{9A19103F-16F7-4668-BE54-9A1E7A4F7556}") = "Combination", "Combination\Combination.csproj", "{92185970-B61E-46DA-AD63-10DEFD91F81C}"
EndProject
Project("{9A19103F-16F7-4668-BE54-9A1E7A4F7556}") = "SumOfTwo", "SumOfTwo\SumOfTwo.csproj", "{163B530C-64D6-49F8-B8E0-5AF2E424082F}"
EndProject
Project("{9A19103F-16F7-4668-BE54-9A1E7A4F7556}") = "Trip", "Trip\Trip.csproj", "{282A5F6D-3DE9-477C-83DC-A28A57A7E0CE}"
EndProject
Project("{9A19103F-16F7-4668-BE54-9A1E7A4F7556}") = "Building", "Building\Building.csproj", "{159BE74F-09AB-4334-B515-1860496EACB2}"
EndProject
Project("{9A19103F-16F7-4668-BE54-9A1E7A4F7556}") = "CinemaTickets", "CinemaTickets\CinemaTickets.csproj", "{C061C5E9-AA43-4D2A-9AC9-1CD281B47140}"
EndProject
Project("{FAE04EC0-301F-11D3-BF4B-00C04F79EFBC}") = "PiramidNumbers", "PiramidNumbers\PiramidNumbers.csproj", "{B8CB3AA9-DB13-4781-A10E-386FEC114370}"
EndProject
Project("{FAE04EC0-301F-11D3-BF4B-00C04F79EFBC}") = "EqualSumEvenOddPosition", "EqualSumEvenOddPosition\EqualSumEvenOddPosition.csproj", "{34FBFD75-70CC-4674-AA6A-F4DF28DE8F1B}"
EndProject
Project("{FAE04EC0-301F-11D3-BF4B-00C04F79EFBC}") = "SumPrimeNonPrime", "SumPrimeNonPrime\SumPrimeNonPrime.csproj", "{184C8E36-F89F-4137-BE1B-C5119617B9F2}"
EndProject
Project("{FAE04EC0-301F-11D3-BF4B-00C04F79EFBC}") = "TraintheTrainers", "TraintheTrainers\TraintheTrainers.csproj", "{9F1F9EC0-EF56-40B8-8554-AAE4C6327A31}"
EndProject
Project("{FAE04EC0-301F-11D3-BF4B-00C04F79EFBC}") = "PasswordGenerator", "PasswordGenerator\PasswordGenerator.csproj", "{2FF1265D-10F0-4DE3-8F7A-C6B4E83A04C5}"
EndProject
Project("{FAE04EC0-301F-11D3-BF4B-00C04F79EFBC}") = "SpecialNumbers", "SpecialNumbers\SpecialNumbers.csproj", "{E39DECA8-7BBF-46BC-A625-C1A00A4CA314}"
EndProject
Global
	GlobalSection(SolutionConfigurationPlatforms) = preSolution
		Debug|Any CPU = Debug|Any CPU
		Release|Any CPU = Release|Any CPU
	EndGlobalSection
	GlobalSection(ProjectConfigurationPlatforms) = postSolution
		{672CFF11-B9DE-4E59-8F97-15E2A63CCDC9}.Debug|Any CPU.ActiveCfg = Debug|Any CPU
		{672CFF11-B9DE-4E59-8F97-15E2A63CCDC9}.Debug|Any CPU.Build.0 = Debug|Any CPU
		{672CFF11-B9DE-4E59-8F97-15E2A63CCDC9}.Release|Any CPU.ActiveCfg = Release|Any CPU
		{672CFF11-B9DE-4E59-8F97-15E2A63CCDC9}.Release|Any CPU.Build.0 = Release|Any CPU
		{67C0E1FD-DEB7-4D9D-B9D7-A2F9195ADD43}.Debug|Any CPU.ActiveCfg = Debug|Any CPU
		{67C0E1FD-DEB7-4D9D-B9D7-A2F9195ADD43}.Debug|Any CPU.Build.0 = Debug|Any CPU
		{67C0E1FD-DEB7-4D9D-B9D7-A2F9195ADD43}.Release|Any CPU.ActiveCfg = Release|Any CPU
		{67C0E1FD-DEB7-4D9D-B9D7-A2F9195ADD43}.Release|Any CPU.Build.0 = Release|Any CPU
		{92185970-B61E-46DA-AD63-10DEFD91F81C}.Debug|Any CPU.ActiveCfg = Debug|Any CPU
		{92185970-B61E-46DA-AD63-10DEFD91F81C}.Debug|Any CPU.Build.0 = Debug|Any CPU
		{92185970-B61E-46DA-AD63-10DEFD91F81C}.Release|Any CPU.ActiveCfg = Release|Any CPU
		{92185970-B61E-46DA-AD63-10DEFD91F81C}.Release|Any CPU.Build.0 = Release|Any CPU
		{163B530C-64D6-49F8-B8E0-5AF2E424082F}.Debug|Any CPU.ActiveCfg = Debug|Any CPU
		{163B530C-64D6-49F8-B8E0-5AF2E424082F}.Debug|Any CPU.Build.0 = Debug|Any CPU
		{163B530C-64D6-49F8-B8E0-5AF2E424082F}.Release|Any CPU.ActiveCfg = Release|Any CPU
		{163B530C-64D6-49F8-B8E0-5AF2E424082F}.Release|Any CPU.Build.0 = Release|Any CPU
		{282A5F6D-3DE9-477C-83DC-A28A57A7E0CE}.Debug|Any CPU.ActiveCfg = Debug|Any CPU
		{282A5F6D-3DE9-477C-83DC-A28A57A7E0CE}.Debug|Any CPU.Build.0 = Debug|Any CPU
		{282A5F6D-3DE9-477C-83DC-A28A57A7E0CE}.Release|Any CPU.ActiveCfg = Release|Any CPU
		{282A5F6D-3DE9-477C-83DC-A28A57A7E0CE}.Release|Any CPU.Build.0 = Release|Any CPU
		{159BE74F-09AB-4334-B515-1860496EACB2}.Debug|Any CPU.ActiveCfg = Debug|Any CPU
		{159BE74F-09AB-4334-B515-1860496EACB2}.Debug|Any CPU.Build.0 = Debug|Any CPU
		{159BE74F-09AB-4334-B515-1860496EACB2}.Release|Any CPU.ActiveCfg = Release|Any CPU
		{159BE74F-09AB-4334-B515-1860496EACB2}.Release|Any CPU.Build.0 = Release|Any CPU
		{C061C5E9-AA43-4D2A-9AC9-1CD281B47140}.Debug|Any CPU.ActiveCfg = Debug|Any CPU
		{C061C5E9-AA43-4D2A-9AC9-1CD281B47140}.Debug|Any CPU.Build.0 = Debug|Any CPU
		{C061C5E9-AA43-4D2A-9AC9-1CD281B47140}.Release|Any CPU.ActiveCfg = Release|Any CPU
		{C061C5E9-AA43-4D2A-9AC9-1CD281B47140}.Release|Any CPU.Build.0 = Release|Any CPU
		{B8CB3AA9-DB13-4781-A10E-386FEC114370}.Debug|Any CPU.ActiveCfg = Debug|Any CPU
		{B8CB3AA9-DB13-4781-A10E-386FEC114370}.Debug|Any CPU.Build.0 = Debug|Any CPU
		{B8CB3AA9-DB13-4781-A10E-386FEC114370}.Release|Any CPU.ActiveCfg = Release|Any CPU
		{B8CB3AA9-DB13-4781-A10E-386FEC114370}.Release|Any CPU.Build.0 = Release|Any CPU
		{34FBFD75-70CC-4674-AA6A-F4DF28DE8F1B}.Debug|Any CPU.ActiveCfg = Debug|Any CPU
		{34FBFD75-70CC-4674-AA6A-F4DF28DE8F1B}.Debug|Any CPU.Build.0 = Debug|Any CPU
		{34FBFD75-70CC-4674-AA6A-F4DF28DE8F1B}.Release|Any CPU.ActiveCfg = Release|Any CPU
		{34FBFD75-70CC-4674-AA6A-F4DF28DE8F1B}.Release|Any CPU.Build.0 = Release|Any CPU
		{184C8E36-F89F-4137-BE1B-C5119617B9F2}.Debug|Any CPU.ActiveCfg = Debug|Any CPU
		{184C8E36-F89F-4137-BE1B-C5119617B9F2}.Debug|Any CPU.Build.0 = Debug|Any CPU
		{184C8E36-F89F-4137-BE1B-C5119617B9F2}.Release|Any CPU.ActiveCfg = Release|Any CPU
		{184C8E36-F89F-4137-BE1B-C5119617B9F2}.Release|Any CPU.Build.0 = Release|Any CPU
		{9F1F9EC0-EF56-40B8-8554-AAE4C6327A31}.Debug|Any CPU.ActiveCfg = Debug|Any CPU
		{9F1F9EC0-EF56-40B8-8554-AAE4C6327A31}.Debug|Any CPU.Build.0 = Debug|Any CPU
		{9F1F9EC0-EF56-40B8-8554-AAE4C6327A31}.Release|Any CPU.ActiveCfg = Release|Any CPU
		{9F1F9EC0-EF56-40B8-8554-AAE4C6327A31}.Release|Any CPU.Build.0 = Release|Any CPU
		{2FF1265D-10F0-4DE3-8F7A-C6B4E83A04C5}.Debug|Any CPU.ActiveCfg = Debug|Any CPU
		{2FF1265D-10F0-4DE3-8F7A-C6B4E83A04C5}.Debug|Any CPU.Build.0 = Debug|Any CPU
		{2FF1265D-10F0-4DE3-8F7A-C6B4E83A04C5}.Release|Any CPU.ActiveCfg = Release|Any CPU
		{2FF1265D-10F0-4DE3-8F7A-C6B4E83A04C5}.Release|Any CPU.Build.0 = Release|Any CPU
		{E39DECA8-7BBF-46BC-A625-C1A00A4CA314}.Debug|Any CPU.ActiveCfg = Debug|Any CPU
		{E39DECA8-7BBF-46BC-A625-C1A00A4CA314}.Debug|Any CPU.Build.0 = Debug|Any CPU
		{E39DECA8-7BBF-46BC-A625-C1A00A4CA314}.Release|Any CPU.ActiveCfg = Release|Any CPU
		{E39DECA8-7BBF-46BC-A625-C1A00A4CA314}.Release|Any CPU.Build.0 = Release|Any CPU
	EndGlobalSection
	GlobalSection(SolutionProperties) = preSolution
		HideSolutionNode = FALSE
	EndGlobalSection
	GlobalSection(ExtensibilityGlobals) = postSolution
		SolutionGuid = {B14BB3FA-32F3-4EDE-BD93-399E4B395F51}
	EndGlobalSection
EndGlobal
